
Microsoft Visual Studio Solution File, Format Version 12.00
# Visual Studio 15
VisualStudioVersion = 15.0.28010.2003
MinimumVisualStudioVersion = 10.0.40219.1
Project("{FAE04EC0-301F-11D3-BF4B-00C04F79EFBC}") = "Entidades", "Entidades\Entidades.csproj", "{6DD98686-ADFA-4515-8140-70CDFEC3559A}"
EndProject
Project("{FAE04EC0-301F-11D3-BF4B-00C04F79EFBC}") = "MainCorreo", "MainCorreo\MainCorreo.csproj", "{58D06680-C56C-4583-8DA7-B30AD56D75E4}"
EndProject
Global
	GlobalSection(SolutionConfigurationPlatforms) = preSolution
		Debug|Any CPU = Debug|Any CPU
		Release|Any CPU = Release|Any CPU
	EndGlobalSection
	GlobalSection(ProjectConfigurationPlatforms) = postSolution
		{6DD98686-ADFA-4515-8140-70CDFEC3559A}.Debug|Any CPU.ActiveCfg = Debug|Any CPU
		{6DD98686-ADFA-4515-8140-70CDFEC3559A}.Debug|Any CPU.Build.0 = Debug|Any CPU
		{6DD98686-ADFA-4515-8140-70CDFEC3559A}.Release|Any CPU.ActiveCfg = Release|Any CPU
		{6DD98686-ADFA-4515-8140-70CDFEC3559A}.Release|Any CPU.Build.0 = Release|Any CPU
		{58D06680-C56C-4583-8DA7-B30AD56D75E4}.Debug|Any CPU.ActiveCfg = Debug|Any CPU
		{58D06680-C56C-4583-8DA7-B30AD56D75E4}.Debug|Any CPU.Build.0 = Debug|Any CPU
		{58D06680-C56C-4583-8DA7-B30AD56D75E4}.Release|Any CPU.ActiveCfg = Release|Any CPU
		{58D06680-C56C-4583-8DA7-B30AD56D75E4}.Release|Any CPU.Build.0 = Release|Any CPU
	EndGlobalSection
	GlobalSection(SolutionProperties) = preSolution
		HideSolutionNode = FALSE
	EndGlobalSection
	GlobalSection(ExtensibilityGlobals) = postSolution
		SolutionGuid = {D0D70998-81D9-433C-BEF5-ADA6E3354604}
	EndGlobalSection
EndGlobal
