
Microsoft Visual Studio Solution File, Format Version 12.00
# Visual Studio 15
VisualStudioVersion = 15.0.27703.2047
MinimumVisualStudioVersion = 10.0.40219.1
Project("{FAE04EC0-301F-11D3-BF4B-00C04F79EFBC}") = "ClasesAbstractas", "ClasesAbstractas\ClasesAbstractas.csproj", "{869BCE12-7889-4E48-A1AA-52EC7B769D00}"
EndProject
Project("{FAE04EC0-301F-11D3-BF4B-00C04F79EFBC}") = "Archivos", "Archivos\Archivos.csproj", "{E88D54FC-DC99-4B52-8F68-BBD62AF587CA}"
EndProject
Project("{FAE04EC0-301F-11D3-BF4B-00C04F79EFBC}") = "ClasesInstanciables", "ClasesInstanciables\ClasesInstanciables.csproj", "{D0657609-6495-4788-9DF0-324EC5BCA13F}"
EndProject
Project("{FAE04EC0-301F-11D3-BF4B-00C04F79EFBC}") = "Excepciones", "Excepciones\Excepciones.csproj", "{B9649CA7-31B1-4005-9172-94D2DB597F84}"
EndProject
Project("{FAE04EC0-301F-11D3-BF4B-00C04F79EFBC}") = "Consola", "Consola\Consola.csproj", "{A36A8EC3-6F67-4B4F-8216-C648FD551591}"
EndProject
Global
	GlobalSection(SolutionConfigurationPlatforms) = preSolution
		Debug|Any CPU = Debug|Any CPU
		Release|Any CPU = Release|Any CPU
	EndGlobalSection
	GlobalSection(ProjectConfigurationPlatforms) = postSolution
		{869BCE12-7889-4E48-A1AA-52EC7B769D00}.Debug|Any CPU.ActiveCfg = Debug|Any CPU
		{869BCE12-7889-4E48-A1AA-52EC7B769D00}.Debug|Any CPU.Build.0 = Debug|Any CPU
		{869BCE12-7889-4E48-A1AA-52EC7B769D00}.Release|Any CPU.ActiveCfg = Release|Any CPU
		{869BCE12-7889-4E48-A1AA-52EC7B769D00}.Release|Any CPU.Build.0 = Release|Any CPU
		{E88D54FC-DC99-4B52-8F68-BBD62AF587CA}.Debug|Any CPU.ActiveCfg = Debug|Any CPU
		{E88D54FC-DC99-4B52-8F68-BBD62AF587CA}.Debug|Any CPU.Build.0 = Debug|Any CPU
		{E88D54FC-DC99-4B52-8F68-BBD62AF587CA}.Release|Any CPU.ActiveCfg = Release|Any CPU
		{E88D54FC-DC99-4B52-8F68-BBD62AF587CA}.Release|Any CPU.Build.0 = Release|Any CPU
		{D0657609-6495-4788-9DF0-324EC5BCA13F}.Debug|Any CPU.ActiveCfg = Debug|Any CPU
		{D0657609-6495-4788-9DF0-324EC5BCA13F}.Debug|Any CPU.Build.0 = Debug|Any CPU
		{D0657609-6495-4788-9DF0-324EC5BCA13F}.Release|Any CPU.ActiveCfg = Release|Any CPU
		{D0657609-6495-4788-9DF0-324EC5BCA13F}.Release|Any CPU.Build.0 = Release|Any CPU
		{B9649CA7-31B1-4005-9172-94D2DB597F84}.Debug|Any CPU.ActiveCfg = Debug|Any CPU
		{B9649CA7-31B1-4005-9172-94D2DB597F84}.Debug|Any CPU.Build.0 = Debug|Any CPU
		{B9649CA7-31B1-4005-9172-94D2DB597F84}.Release|Any CPU.ActiveCfg = Release|Any CPU
		{B9649CA7-31B1-4005-9172-94D2DB597F84}.Release|Any CPU.Build.0 = Release|Any CPU
		{A36A8EC3-6F67-4B4F-8216-C648FD551591}.Debug|Any CPU.ActiveCfg = Debug|Any CPU
		{A36A8EC3-6F67-4B4F-8216-C648FD551591}.Debug|Any CPU.Build.0 = Debug|Any CPU
		{A36A8EC3-6F67-4B4F-8216-C648FD551591}.Release|Any CPU.ActiveCfg = Release|Any CPU
		{A36A8EC3-6F67-4B4F-8216-C648FD551591}.Release|Any CPU.Build.0 = Release|Any CPU
	EndGlobalSection
	GlobalSection(SolutionProperties) = preSolution
		HideSolutionNode = FALSE
	EndGlobalSection
	GlobalSection(ExtensibilityGlobals) = postSolution
		SolutionGuid = {00CB58FD-5314-40FD-8729-5999BF3A9741}
	EndGlobalSection
EndGlobal
