
Microsoft Visual Studio Solution File, Format Version 12.00
# Visual Studio 15
VisualStudioVersion = 15.0.27703.2047
MinimumVisualStudioVersion = 10.0.40219.1
Project("{FAE04EC0-301F-11D3-BF4B-00C04F79EFBC}") = "Entidades", "Entidades\Entidades.csproj", "{BC1E1A90-1034-4A93-9460-7AD063BD06FA}"
EndProject
Global
	GlobalSection(SolutionConfigurationPlatforms) = preSolution
		Debug|Any CPU = Debug|Any CPU
		Release|Any CPU = Release|Any CPU
	EndGlobalSection
	GlobalSection(ProjectConfigurationPlatforms) = postSolution
		{BC1E1A90-1034-4A93-9460-7AD063BD06FA}.Debug|Any CPU.ActiveCfg = Debug|Any CPU
		{BC1E1A90-1034-4A93-9460-7AD063BD06FA}.Debug|Any CPU.Build.0 = Debug|Any CPU
		{BC1E1A90-1034-4A93-9460-7AD063BD06FA}.Release|Any CPU.ActiveCfg = Release|Any CPU
		{BC1E1A90-1034-4A93-9460-7AD063BD06FA}.Release|Any CPU.Build.0 = Release|Any CPU
	EndGlobalSection
	GlobalSection(SolutionProperties) = preSolution
		HideSolutionNode = FALSE
	EndGlobalSection
	GlobalSection(ExtensibilityGlobals) = postSolution
		SolutionGuid = {C1A5025C-FAB5-4DBC-95F3-B94640B72BA6}
	EndGlobalSection
EndGlobal
